{
  "version": 4,
  "terraform_version": "0.14.11",
  "serial": 49,
  "lineage": "bfa61753-9b6f-7284-e5eb-b666bf3c0f6e",
  "outputs": {},
  "resources": [
    {
      "mode": "managed",
      "type": "azurerm_app_service_custom_hostname_binding",
      "name": "res-116",
      "provider": "provider[\"registry.terraform.io/hashicorp/azurerm\"]",
      "instances": [
        {
          "schema_version": 0,
          "attributes": {
            "app_service_name": "em-track-test",
            "hostname": "em-track-test.azurewebsites.net",
            "id": "/subscriptions/0f550d17-e0d0-4b07-88a5-2f831cf7151f/resourceGroups/em-track-test/providers/Microsoft.Web/sites/em-track-test/hostNameBindings/em-track-test.azurewebsites.net",
            "resource_group_name": "em-track-test",
            "ssl_state": "",
            "thumbprint": "",
            "timeouts": {
              "create": null,
              "delete": null,
              "read": null,
              "update": null
            },
            "virtual_ip": ""
          },
          "sensitive_attributes": [],
          "private": "eyJlMmJmYjczMC1lY2FhLTExZTYtOGY4OC0zNDM2M2JjN2M0YzAiOnsiY3JlYXRlIjoxODAwMDAwMDAwMDAwLCJkZWxldGUiOjE4MDAwMDAwMDAwMDAsInJlYWQiOjMwMDAwMDAwMDAwMCwidXBkYXRlIjoxODAwMDAwMDAwMDAwfSwic2NoZW1hX3ZlcnNpb24iOiIwIn0="
        }
      ]
    },
    {
      "mode": "managed",
      "type": "azurerm_app_service_custom_hostname_binding",
      "name": "res-312",
      "provider": "provider[\"registry.terraform.io/hashicorp/azurerm\"]",
      "instances": [
        {
          "schema_version": 0,
          "attributes": {
            "app_service_name": "emtrack-react-test",
            "hostname": "emtrack-react-test.azurewebsites.net",
            "id": "/subscriptions/0f550d17-e0d0-4b07-88a5-2f831cf7151f/resourceGroups/em-track-test/providers/Microsoft.Web/sites/emtrack-react-test/hostNameBindings/emtrack-react-test.azurewebsites.net",
            "resource_group_name": "em-track-test",
            "ssl_state": "",
            "thumbprint": "",
            "timeouts": {
              "create": null,
              "delete": null,
              "read": null,
              "update": null
            },
            "virtual_ip": ""
          },
          "sensitive_attributes": [],
          "private": "eyJlMmJmYjczMC1lY2FhLTExZTYtOGY4OC0zNDM2M2JjN2M0YzAiOnsiY3JlYXRlIjoxODAwMDAwMDAwMDAwLCJkZWxldGUiOjE4MDAwMDAwMDAwMDAsInJlYWQiOjMwMDAwMDAwMDAwMCwidXBkYXRlIjoxODAwMDAwMDAwMDAwfSwic2NoZW1hX3ZlcnNpb24iOiIwIn0="
        }
      ]
    },
    {
      "mode": "managed",
      "type": "azurerm_app_service_custom_hostname_binding",
      "name": "res-508",
      "provider": "provider[\"registry.terraform.io/hashicorp/azurerm\"]",
      "instances": [
        {
          "schema_version": 0,
          "attributes": {
            "app_service_name": "emtrackotr-test",
            "hostname": "emtrackotr-test.azurewebsites.net",
            "id": "/subscriptions/0f550d17-e0d0-4b07-88a5-2f831cf7151f/resourceGroups/em-track-test/providers/Microsoft.Web/sites/emtrackotr-test/hostNameBindings/emtrackotr-test.azurewebsites.net",
            "resource_group_name": "em-track-test",
            "ssl_state": "",
            "thumbprint": "",
            "timeouts": {
              "create": null,
              "delete": null,
              "read": null,
              "update": null
            },
            "virtual_ip": ""
          },
          "sensitive_attributes": [],
          "private": "eyJlMmJmYjczMC1lY2FhLTExZTYtOGY4OC0zNDM2M2JjN2M0YzAiOnsiY3JlYXRlIjoxODAwMDAwMDAwMDAwLCJkZWxldGUiOjE4MDAwMDAwMDAwMDAsInJlYWQiOjMwMDAwMDAwMDAwMCwidXBkYXRlIjoxODAwMDAwMDAwMDAwfSwic2NoZW1hX3ZlcnNpb24iOiIwIn0="
        }
      ]
    },
    {
      "mode": "managed",
      "type": "azurerm_application_insights",
      "name": "res-694",
      "provider": "provider[\"registry.terraform.io/hashicorp/azurerm\"]",
      "instances": [
        {
          "schema_version": 1,
          "attributes": {
            "app_id": "2a38a007-8587-4567-a590-d78fffcec5e9",
            "application_type": "web",
            "connection_string": "InstrumentationKey=79227345-1219-4395-8356-9929aea43dc9;IngestionEndpoint=https://eastus-2.in.applicationinsights.azure.com/;LiveEndpoint=https://eastus.livediagnostics.monitor.azure.com/",
            "daily_data_cap_in_gb": 0.0323,
            "daily_data_cap_notifications_disabled": false,
            "disable_ip_masking": false,
            "force_customer_storage_for_profiler": false,
            "id": "/subscriptions/0f550d17-e0d0-4b07-88a5-2f831cf7151f/resourceGroups/em-track-test/providers/Microsoft.Insights/components/em-track-test",
            "instrumentation_key": "79227345-1219-4395-8356-9929aea43dc9",
            "internet_ingestion_enabled": true,
            "internet_query_enabled": true,
            "local_authentication_disabled": false,
            "location": "eastus",
            "name": "em-track-test",
            "resource_group_name": "em-track-test",
            "retention_in_days": 90,
            "sampling_percentage": 0,
            "tags": {
              "Environment": "TEST",
              "Product": "EMTrack",
              "gy_cc": "6675",
              "gy_env": "prod",
              "hidden-link:/subscriptions/d594f54f-d8ee-49d8-bf17-cd341f7a1bbd/resourceGroups/em-track-test/providers/Microsoft.Web/sites/em-track-test": "Resource",
              "hidden-link:/subscriptions/d594f54f-d8ee-49d8-bf17-cd341f7a1bbd/resourceGroups/em-track-test/providers/Microsoft.Web/sites/em-track-test/slots/STAGE": "Resource"
            },
            "timeouts": {
              "create": null,
              "delete": null,
              "read": null,
              "update": null
            },
            "workspace_id": null
          },
          "sensitive_attributes": [],
          "private": "eyJlMmJmYjczMC1lY2FhLTExZTYtOGY4OC0zNDM2M2JjN2M0YzAiOnsiY3JlYXRlIjozNjAwMDAwMDAwMDAwLCJkZWxldGUiOjE4MDAwMDAwMDAwMDAsInJlYWQiOjMwMDAwMDAwMDAwMCwidXBkYXRlIjoxODAwMDAwMDAwMDAwfSwic2NoZW1hX3ZlcnNpb24iOiIxIn0="
        }
      ]
    },
    {
      "mode": "managed",
      "type": "azurerm_application_insights",
      "name": "res-695",
      "provider": "provider[\"registry.terraform.io/hashicorp/azurerm\"]",
      "instances": [
        {
          "schema_version": 1,
          "attributes": {
            "app_id": "81a384bd-aa9e-4b25-9697-7447348305fe",
            "application_type": "web",
            "connection_string": "InstrumentationKey=8d7b05b0-891f-4ca2-a011-8e48d5b527af;IngestionEndpoint=https://eastus-3.in.applicationinsights.azure.com/;LiveEndpoint=https://eastus.livediagnostics.monitor.azure.com/",
            "daily_data_cap_in_gb": 100,
            "daily_data_cap_notifications_disabled": false,
            "disable_ip_masking": false,
            "force_customer_storage_for_profiler": false,
            "id": "/subscriptions/0f550d17-e0d0-4b07-88a5-2f831cf7151f/resourceGroups/em-track-test/providers/Microsoft.Insights/components/em-track-test-901e",
            "instrumentation_key": "8d7b05b0-891f-4ca2-a011-8e48d5b527af",
            "internet_ingestion_enabled": true,
            "internet_query_enabled": true,
            "local_authentication_disabled": false,
            "location": "eastus",
            "name": "em-track-test-901e",
            "resource_group_name": "em-track-test",
            "retention_in_days": 90,
            "sampling_percentage": 0,
            "tags": {
              "gy_cc": "6675",
              "gy_env": "prod",
              "hidden-link:/subscriptions/0f550d17-e0d0-4b07-88a5-2f831cf7151f/resourceGroups/em-track-test/providers/Microsoft.Web/sites/em-track-test": "Resource"
            },
            "timeouts": {
              "create": null,
              "delete": null,
              "read": null,
              "update": null
            },
            "workspace_id": null
          },
          "sensitive_attributes": [],
          "private": "eyJlMmJmYjczMC1lY2FhLTExZTYtOGY4OC0zNDM2M2JjN2M0YzAiOnsiY3JlYXRlIjozNjAwMDAwMDAwMDAwLCJkZWxldGUiOjE4MDAwMDAwMDAwMDAsInJlYWQiOjMwMDAwMDAwMDAwMCwidXBkYXRlIjoxODAwMDAwMDAwMDAwfSwic2NoZW1hX3ZlcnNpb24iOiIxIn0="
        }
      ]
    },
    {
      "mode": "managed",
      "type": "azurerm_monitor_action_group",
      "name": "res-692",
      "provider": "provider[\"registry.terraform.io/hashicorp/azurerm\"]",
      "instances": [
        {
          "schema_version": 1,
          "attributes": {
            "arm_role_receiver": [],
            "automation_runbook_receiver": [],
            "azure_app_push_receiver": [],
            "azure_function_receiver": [],
            "email_receiver": [],
            "enabled": true,
            "event_hub_receiver": [],
            "id": "/subscriptions/0f550d17-e0d0-4b07-88a5-2f831cf7151f/resourceGroups/em-track-test/providers/Microsoft.Insights/actionGroups/Migration_AG1",
            "itsm_receiver": [],
            "logic_app_receiver": [],
            "name": "Migration_AG1",
            "resource_group_name": "em-track-test",
            "short_name": "Migrated1",
            "sms_receiver": [],
            "tags": {
              "gy_env": "prod"
            },
            "timeouts": {
              "create": null,
              "delete": null,
              "read": null,
              "update": null
            },
            "voice_receiver": [],
            "webhook_receiver": []
          },
          "sensitive_attributes": [],
          "private": "eyJlMmJmYjczMC1lY2FhLTExZTYtOGY4OC0zNDM2M2JjN2M0YzAiOnsiY3JlYXRlIjoxODAwMDAwMDAwMDAwLCJkZWxldGUiOjE4MDAwMDAwMDAwMDAsInJlYWQiOjMwMDAwMDAwMDAwMCwidXBkYXRlIjoxODAwMDAwMDAwMDAwfSwic2NoZW1hX3ZlcnNpb24iOiIxIn0="
        }
      ]
    },
    {
      "mode": "managed",
      "type": "azurerm_monitor_action_group",
      "name": "res-693",
      "provider": "provider[\"registry.terraform.io/hashicorp/azurerm\"]",
      "instances": [
        {
          "schema_version": 1,
          "attributes": {
            "arm_role_receiver": [
              {
                "name": "Monitoring Contributor",
                "role_id": "749f88d5-cbae-40b8-bcfc-e573ddc772fa",
                "use_common_alert_schema": true
              },
              {
                "name": "Monitoring Reader",
                "role_id": "43d0d8ad-25c7-4714-9337-8ba259a9fe05",
                "use_common_alert_schema": true
              }
            ],
            "automation_runbook_receiver": [],
            "azure_app_push_receiver": [],
            "azure_function_receiver": [],
            "email_receiver": [],
            "enabled": true,
            "event_hub_receiver": [],
            "id": "/subscriptions/0f550d17-e0d0-4b07-88a5-2f831cf7151f/resourceGroups/em-track-test/providers/Microsoft.Insights/actionGroups/Migration_AG2",
            "itsm_receiver": [],
            "logic_app_receiver": [],
            "name": "Migration_AG2",
            "resource_group_name": "em-track-test",
            "short_name": "Migrated2",
            "sms_receiver": [],
            "tags": {
              "gy_env": "prod"
            },
            "timeouts": {
              "create": null,
              "delete": null,
              "read": null,
              "update": null
            },
            "voice_receiver": [],
            "webhook_receiver": []
          },
          "sensitive_attributes": [],
          "private": "eyJlMmJmYjczMC1lY2FhLTExZTYtOGY4OC0zNDM2M2JjN2M0YzAiOnsiY3JlYXRlIjoxODAwMDAwMDAwMDAwLCJkZWxldGUiOjE4MDAwMDAwMDAwMDAsInJlYWQiOjMwMDAwMDAwMDAwMCwidXBkYXRlIjoxODAwMDAwMDAwMDAwfSwic2NoZW1hX3ZlcnNpb24iOiIxIn0="
        }
      ]
    },
    {
      "mode": "managed",
      "type": "azurerm_monitor_smart_detector_alert_rule",
      "name": "res-690",
      "provider": "provider[\"registry.terraform.io/hashicorp/azurerm\"]",
      "instances": [
        {
          "schema_version": 0,
          "attributes": {
            "action_group": [
              {
                "email_subject": "",
                "ids": [
                  "/subscriptions/0f550d17-e0d0-4b07-88a5-2f831cf7151f/resourcegroups/em-track-test/providers/microsoft.insights/actiongroups/migration_ag1",
                  "/subscriptions/0f550d17-e0d0-4b07-88a5-2f831cf7151f/resourcegroups/em-track-test/providers/microsoft.insights/actiongroups/migration_ag2"
                ],
                "webhook_payload": ""
              }
            ],
            "description": "Failure Anomalies notifies you of an unusual rise in the rate of failed HTTP requests or dependency calls",
            "detector_type": "FailureAnomaliesDetector",
            "enabled": true,
            "frequency": "PT1M",
            "id": "/subscriptions/0f550d17-e0d0-4b07-88a5-2f831cf7151f/resourceGroups/em-track-test/providers/Microsoft.AlertsManagement/smartdetectoralertrules/Failure Anomalies - em-track-test",
            "name": "Failure Anomalies - em-track-test",
            "resource_group_name": "em-track-test",
            "scope_resource_ids": [
              "/subscriptions/0f550d17-e0d0-4b07-88a5-2f831cf7151f/resourcegroups/em-track-test/providers/microsoft.insights/components/em-track-test"
            ],
            "severity": "Sev3",
            "tags": {
              "gy_cc": "6675",
              "gy_env": "prod",
              "hidden-link:/subscriptions/0f550d17-e0d0-4b07-88a5-2f831cf7151f/resourceGroups/em-track-test/providers/microsoft.insights/components/em-track-test": "Resource"
            },
            "throttling_duration": "",
            "timeouts": {
              "create": null,
              "delete": null,
              "read": null,
              "update": null
            }
          },
          "sensitive_attributes": [],
          "private": "eyJlMmJmYjczMC1lY2FhLTExZTYtOGY4OC0zNDM2M2JjN2M0YzAiOnsiY3JlYXRlIjoxODAwMDAwMDAwMDAwLCJkZWxldGUiOjE4MDAwMDAwMDAwMDAsInJlYWQiOjMwMDAwMDAwMDAwMCwidXBkYXRlIjoxODAwMDAwMDAwMDAwfSwic2NoZW1hX3ZlcnNpb24iOiIwIn0="
        }
      ]
    },
    {
      "mode": "managed",
      "type": "azurerm_monitor_smart_detector_alert_rule",
      "name": "res-691",
      "provider": "provider[\"registry.terraform.io/hashicorp/azurerm\"]",
      "instances": [
        {
          "schema_version": 0,
          "attributes": {
            "action_group": [
              {
                "email_subject": "",
                "ids": [
                  "/subscriptions/0f550d17-e0d0-4b07-88a5-2f831cf7151f/resourcegroups/em-track-test/providers/microsoft.insights/actiongroups/migration_ag1",
                  "/subscriptions/0f550d17-e0d0-4b07-88a5-2f831cf7151f/resourcegroups/em-track-test/providers/microsoft.insights/actiongroups/migration_ag2"
                ],
                "webhook_payload": ""
              }
            ],
            "description": "Failure Anomalies notifies you of an unusual rise in the rate of failed HTTP requests or dependency calls",
            "detector_type": "FailureAnomaliesDetector",
            "enabled": true,
            "frequency": "PT1M",
            "id": "/subscriptions/0f550d17-e0d0-4b07-88a5-2f831cf7151f/resourceGroups/em-track-test/providers/Microsoft.AlertsManagement/smartdetectoralertrules/Failure Anomalies - em-track-test-901e",
            "name": "Failure Anomalies - em-track-test-901e",
            "resource_group_name": "em-track-test",
            "scope_resource_ids": [
              "/subscriptions/0f550d17-e0d0-4b07-88a5-2f831cf7151f/resourcegroups/em-track-test/providers/microsoft.insights/components/em-track-test-901e"
            ],
            "severity": "Sev3",
            "tags": {
              "gy_cc": "6675",
              "gy_env": "prod",
              "hidden-link:/subscriptions/0f550d17-e0d0-4b07-88a5-2f831cf7151f/resourcegroups/em-track-test/providers/microsoft.insights/components/em-track-test-901e": "Resource"
            },
            "throttling_duration": "",
            "timeouts": {
              "create": null,
              "delete": null,
              "read": null,
              "update": null
            }
          },
          "sensitive_attributes": [],
          "private": "eyJlMmJmYjczMC1lY2FhLTExZTYtOGY4OC0zNDM2M2JjN2M0YzAiOnsiY3JlYXRlIjoxODAwMDAwMDAwMDAwLCJkZWxldGUiOjE4MDAwMDAwMDAwMDAsInJlYWQiOjMwMDAwMDAwMDAwMCwidXBkYXRlIjoxODAwMDAwMDAwMDAwfSwic2NoZW1hX3ZlcnNpb24iOiIwIn0="
        }
      ]
    },
    {
      "mode": "managed",
      "type": "azurerm_mssql_database",
      "name": "res-11",
      "provider": "provider[\"registry.terraform.io/hashicorp/azurerm\"]",
      "instances": [
        {
          "schema_version": 1,
          "attributes": {
            "auto_pause_delay_in_minutes": 0,
            "collation": "SQL_Latin1_General_CP1_CI_AS",
            "create_mode": "Default",
            "creation_source_database_id": null,
            "elastic_pool_id": "",
            "geo_backup_enabled": true,
            "id": "/subscriptions/0f550d17-e0d0-4b07-88a5-2f831cf7151f/resourceGroups/em-track-test/providers/Microsoft.Sql/servers/emtrackserver/databases/EmTrackDB",
            "ledger_enabled": false,
            "license_type": "",
            "long_term_retention_policy": [
              {
                "monthly_retention": "PT0S",
                "week_of_year": 0,
                "weekly_retention": "PT0S",
                "yearly_retention": "PT0S"
              }
            ],
            "maintenance_configuration_name": "SQL_Default",
            "max_size_gb": 2,
            "min_capacity": 0,
            "name": "EmTrackDB",
            "read_replica_count": 0,
            "read_scale": false,
            "recover_database_id": null,
            "restore_dropped_database_id": null,
            "restore_point_in_time": null,
            "sample_name": null,
            "server_id": "/subscriptions/0f550d17-e0d0-4b07-88a5-2f831cf7151f/resourceGroups/em-track-test/providers/Microsoft.Sql/servers/emtrackserver",
            "short_term_retention_policy": [
              {
                "backup_interval_in_hours": 24,
                "retention_days": 7
              }
            ],
            "sku_name": "Basic",
            "storage_account_type": "Geo",
            "tags": {
              "gy_cc": "6675",
              "gy_env": "prod"
            },
            "threat_detection_policy": [
              {
                "disabled_alerts": [],
                "email_account_admins": "Disabled",
                "email_addresses": [],
                "retention_days": 0,
                "state": "Disabled",
                "storage_account_access_key": "",
                "storage_endpoint": ""
              }
            ],
            "timeouts": {
              "create": null,
              "delete": null,
              "read": null,
              "update": null
            },
            "transparent_data_encryption_enabled": true,
            "zone_redundant": false
          },
          "sensitive_attributes": [],
          "private": "eyJlMmJmYjczMC1lY2FhLTExZTYtOGY4OC0zNDM2M2JjN2M0YzAiOnsiY3JlYXRlIjozNjAwMDAwMDAwMDAwLCJkZWxldGUiOjM2MDAwMDAwMDAwMDAsInJlYWQiOjMwMDAwMDAwMDAwMCwidXBkYXRlIjozNjAwMDAwMDAwMDAwfSwic2NoZW1hX3ZlcnNpb24iOiIxIn0="
        }
      ]
    },
    {
      "mode": "managed",
      "type": "azurerm_mssql_database",
      "name": "res-27",
      "provider": "provider[\"registry.terraform.io/hashicorp/azurerm\"]",
      "instances": [
        {
          "schema_version": 1,
          "attributes": {
            "auto_pause_delay_in_minutes": 0,
            "collation": "SQL_Latin1_General_CP1_CI_AS",
            "create_mode": "Default",
            "creation_source_database_id": null,
            "elastic_pool_id": "",
            "geo_backup_enabled": true,
            "id": "/subscriptions/0f550d17-e0d0-4b07-88a5-2f831cf7151f/resourceGroups/em-track-test/providers/Microsoft.Sql/servers/emtrackserver/databases/EmTrackDB_Dev",
            "ledger_enabled": false,
            "license_type": "",
            "long_term_retention_policy": [
              {
                "monthly_retention": "PT0S",
                "week_of_year": 0,
                "weekly_retention": "PT0S",
                "yearly_retention": "PT0S"
              }
            ],
            "maintenance_configuration_name": "SQL_Default",
            "max_size_gb": 250,
            "min_capacity": 0,
            "name": "EmTrackDB_Dev",
            "read_replica_count": 0,
            "read_scale": false,
            "recover_database_id": null,
            "restore_dropped_database_id": null,
            "restore_point_in_time": null,
            "sample_name": null,
            "server_id": "/subscriptions/0f550d17-e0d0-4b07-88a5-2f831cf7151f/resourceGroups/em-track-test/providers/Microsoft.Sql/servers/emtrackserver",
            "short_term_retention_policy": [
              {
                "backup_interval_in_hours": 24,
                "retention_days": 35
              }
            ],
            "sku_name": "S2",
            "storage_account_type": "Geo",
            "tags": {
              "gy_cc": "6675",
              "gy_env": "prod"
            },
            "threat_detection_policy": [
              {
                "disabled_alerts": [],
                "email_account_admins": "Disabled",
                "email_addresses": [],
                "retention_days": 0,
                "state": "Disabled",
                "storage_account_access_key": "",
                "storage_endpoint": ""
              }
            ],
            "timeouts": {
              "create": null,
              "delete": null,
              "read": null,
              "update": null
            },
            "transparent_data_encryption_enabled": true,
            "zone_redundant": false
          },
          "sensitive_attributes": [],
          "private": "eyJlMmJmYjczMC1lY2FhLTExZTYtOGY4OC0zNDM2M2JjN2M0YzAiOnsiY3JlYXRlIjozNjAwMDAwMDAwMDAwLCJkZWxldGUiOjM2MDAwMDAwMDAwMDAsInJlYWQiOjMwMDAwMDAwMDAwMCwidXBkYXRlIjozNjAwMDAwMDAwMDAwfSwic2NoZW1hX3ZlcnNpb24iOiIxIn0="
        }
      ]
    },
    {
      "mode": "managed",
      "type": "azurerm_mssql_database",
      "name": "res-43",
      "provider": "provider[\"registry.terraform.io/hashicorp/azurerm\"]",
      "instances": [
        {
          "schema_version": 1,
          "attributes": {
            "auto_pause_delay_in_minutes": 0,
            "collation": "SQL_Latin1_General_CP1_CI_AS",
            "create_mode": "Default",
            "creation_source_database_id": null,
            "elastic_pool_id": "",
            "geo_backup_enabled": true,
            "id": "/subscriptions/0f550d17-e0d0-4b07-88a5-2f831cf7151f/resourceGroups/em-track-test/providers/Microsoft.Sql/servers/emtrackserver/databases/EmTrackDB_Test",
            "ledger_enabled": false,
            "license_type": "",
            "long_term_retention_policy": [
              {
                "monthly_retention": "PT0S",
                "week_of_year": 0,
                "weekly_retention": "PT0S",
                "yearly_retention": "PT0S"
              }
            ],
            "maintenance_configuration_name": "SQL_Default",
            "max_size_gb": 2,
            "min_capacity": 0,
            "name": "EmTrackDB_Test",
            "read_replica_count": 0,
            "read_scale": false,
            "recover_database_id": null,
            "restore_dropped_database_id": null,
            "restore_point_in_time": null,
            "sample_name": null,
            "server_id": "/subscriptions/0f550d17-e0d0-4b07-88a5-2f831cf7151f/resourceGroups/em-track-test/providers/Microsoft.Sql/servers/emtrackserver",
            "short_term_retention_policy": [
              {
                "backup_interval_in_hours": 24,
                "retention_days": 7
              }
            ],
            "sku_name": "Basic",
            "storage_account_type": "Geo",
            "tags": {
              "gy_cc": "6675",
              "gy_env": "prod"
            },
            "threat_detection_policy": [
              {
                "disabled_alerts": [],
                "email_account_admins": "Disabled",
                "email_addresses": [],
                "retention_days": 0,
                "state": "Disabled",
                "storage_account_access_key": "",
                "storage_endpoint": ""
              }
            ],
            "timeouts": {
              "create": null,
              "delete": null,
              "read": null,
              "update": null
            },
            "transparent_data_encryption_enabled": true,
            "zone_redundant": false
          },
          "sensitive_attributes": [],
          "private": "eyJlMmJmYjczMC1lY2FhLTExZTYtOGY4OC0zNDM2M2JjN2M0YzAiOnsiY3JlYXRlIjozNjAwMDAwMDAwMDAwLCJkZWxldGUiOjM2MDAwMDAwMDAwMDAsInJlYWQiOjMwMDAwMDAwMDAwMCwidXBkYXRlIjozNjAwMDAwMDAwMDAwfSwic2NoZW1hX3ZlcnNpb24iOiIxIn0="
        }
      ]
    },
    {
      "mode": "managed",
      "type": "azurerm_mssql_database_extended_auditing_policy",
      "name": "res-22",
      "provider": "provider[\"registry.terraform.io/hashicorp/azurerm\"]",
      "instances": [
        {
          "schema_version": 0,
          "attributes": {
            "database_id": "/subscriptions/0f550d17-e0d0-4b07-88a5-2f831cf7151f/resourceGroups/em-track-test/providers/Microsoft.Sql/servers/emtrackserver/databases/EmTrackDB",
            "enabled": false,
            "id": "/subscriptions/0f550d17-e0d0-4b07-88a5-2f831cf7151f/resourceGroups/em-track-test/providers/Microsoft.Sql/servers/emtrackserver/databases/EmTrackDB/extendedAuditingSettings/Default",
            "log_monitoring_enabled": false,
            "retention_in_days": 0,
            "storage_account_access_key": null,
            "storage_account_access_key_is_secondary": false,
            "storage_endpoint": "",
            "timeouts": {
              "create": null,
              "delete": null,
              "read": null,
              "update": null
            }
          },
          "sensitive_attributes": [],
          "private": "eyJlMmJmYjczMC1lY2FhLTExZTYtOGY4OC0zNDM2M2JjN2M0YzAiOnsiY3JlYXRlIjoxODAwMDAwMDAwMDAwLCJkZWxldGUiOjE4MDAwMDAwMDAwMDAsInJlYWQiOjMwMDAwMDAwMDAwMCwidXBkYXRlIjoxODAwMDAwMDAwMDAwfSwic2NoZW1hX3ZlcnNpb24iOiIwIn0="
        }
      ]
    },
    {
      "mode": "managed",
      "type": "azurerm_mssql_database_extended_auditing_policy",
      "name": "res-38",
      "provider": "provider[\"registry.terraform.io/hashicorp/azurerm\"]",
      "instances": [
        {
          "schema_version": 0,
          "attributes": {
            "database_id": "/subscriptions/0f550d17-e0d0-4b07-88a5-2f831cf7151f/resourceGroups/em-track-test/providers/Microsoft.Sql/servers/emtrackserver/databases/EmTrackDB_Dev",
            "enabled": false,
            "id": "/subscriptions/0f550d17-e0d0-4b07-88a5-2f831cf7151f/resourceGroups/em-track-test/providers/Microsoft.Sql/servers/emtrackserver/databases/EmTrackDB_Dev/extendedAuditingSettings/Default",
            "log_monitoring_enabled": false,
            "retention_in_days": 0,
            "storage_account_access_key": null,
            "storage_account_access_key_is_secondary": false,
            "storage_endpoint": "",
            "timeouts": {
              "create": null,
              "delete": null,
              "read": null,
              "update": null
            }
          },
          "sensitive_attributes": [],
          "private": "eyJlMmJmYjczMC1lY2FhLTExZTYtOGY4OC0zNDM2M2JjN2M0YzAiOnsiY3JlYXRlIjoxODAwMDAwMDAwMDAwLCJkZWxldGUiOjE4MDAwMDAwMDAwMDAsInJlYWQiOjMwMDAwMDAwMDAwMCwidXBkYXRlIjoxODAwMDAwMDAwMDAwfSwic2NoZW1hX3ZlcnNpb24iOiIwIn0="
        }
      ]
    },
    {
      "mode": "managed",
      "type": "azurerm_mssql_database_extended_auditing_policy",
      "name": "res-54",
      "provider": "provider[\"registry.terraform.io/hashicorp/azurerm\"]",
      "instances": [
        {
          "schema_version": 0,
          "attributes": {
            "database_id": "/subscriptions/0f550d17-e0d0-4b07-88a5-2f831cf7151f/resourceGroups/em-track-test/providers/Microsoft.Sql/servers/emtrackserver/databases/EmTrackDB_Test",
            "enabled": false,
            "id": "/subscriptions/0f550d17-e0d0-4b07-88a5-2f831cf7151f/resourceGroups/em-track-test/providers/Microsoft.Sql/servers/emtrackserver/databases/EmTrackDB_Test/extendedAuditingSettings/Default",
            "log_monitoring_enabled": false,
            "retention_in_days": 0,
            "storage_account_access_key": null,
            "storage_account_access_key_is_secondary": false,
            "storage_endpoint": "",
            "timeouts": {
              "create": null,
              "delete": null,
              "read": null,
              "update": null
            }
          },
          "sensitive_attributes": [],
          "private": "eyJlMmJmYjczMC1lY2FhLTExZTYtOGY4OC0zNDM2M2JjN2M0YzAiOnsiY3JlYXRlIjoxODAwMDAwMDAwMDAwLCJkZWxldGUiOjE4MDAwMDAwMDAwMDAsInJlYWQiOjMwMDAwMDAwMDAwMCwidXBkYXRlIjoxODAwMDAwMDAwMDAwfSwic2NoZW1hX3ZlcnNpb24iOiIwIn0="
        }
      ]
    },
    {
      "mode": "managed",
      "type": "azurerm_mssql_database_extended_auditing_policy",
      "name": "res-62",
      "provider": "provider[\"registry.terraform.io/hashicorp/azurerm\"]",
      "instances": [
        {
          "schema_version": 0,
          "attributes": {
            "database_id": "/subscriptions/0f550d17-e0d0-4b07-88a5-2f831cf7151f/resourceGroups/em-track-test/providers/Microsoft.Sql/servers/emtrackserver/databases/master",
            "enabled": false,
            "id": "/subscriptions/0f550d17-e0d0-4b07-88a5-2f831cf7151f/resourceGroups/em-track-test/providers/Microsoft.Sql/servers/emtrackserver/databases/master/extendedAuditingSettings/Default",
            "log_monitoring_enabled": false,
            "retention_in_days": 0,
            "storage_account_access_key": null,
            "storage_account_access_key_is_secondary": false,
            "storage_endpoint": "",
            "timeouts": {
              "create": null,
              "delete": null,
              "read": null,
              "update": null
            }
          },
          "sensitive_attributes": [],
          "private": "eyJlMmJmYjczMC1lY2FhLTExZTYtOGY4OC0zNDM2M2JjN2M0YzAiOnsiY3JlYXRlIjoxODAwMDAwMDAwMDAwLCJkZWxldGUiOjE4MDAwMDAwMDAwMDAsInJlYWQiOjMwMDAwMDAwMDAwMCwidXBkYXRlIjoxODAwMDAwMDAwMDAwfSwic2NoZW1hX3ZlcnNpb24iOiIwIn0="
        }
      ]
    },
    {
      "mode": "managed",
      "type": "azurerm_mssql_firewall_rule",
      "name": "res-70",
      "provider": "provider[\"registry.terraform.io/hashicorp/azurerm\"]",
      "instances": [
        {
          "schema_version": 0,
          "attributes": {
            "end_ip_address": "0.0.0.0",
            "id": "/subscriptions/0f550d17-e0d0-4b07-88a5-2f831cf7151f/resourceGroups/em-track-test/providers/Microsoft.Sql/servers/emtrackserver/firewallRules/AllowAllWindowsAzureIps",
            "name": "AllowAllWindowsAzureIps",
            "server_id": "/subscriptions/0f550d17-e0d0-4b07-88a5-2f831cf7151f/resourceGroups/em-track-test/providers/Microsoft.Sql/servers/emtrackserver",
            "start_ip_address": "0.0.0.0",
            "timeouts": {
              "create": null,
              "delete": null,
              "read": null,
              "update": null
            }
          },
          "sensitive_attributes": [],
          "private": "eyJlMmJmYjczMC1lY2FhLTExZTYtOGY4OC0zNDM2M2JjN2M0YzAiOnsiY3JlYXRlIjoxODAwMDAwMDAwMDAwLCJkZWxldGUiOjE4MDAwMDAwMDAwMDAsInJlYWQiOjMwMDAwMDAwMDAwMCwidXBkYXRlIjoxODAwMDAwMDAwMDAwfSwic2NoZW1hX3ZlcnNpb24iOiIwIn0="
        }
      ]
    },
    {
      "mode": "managed",
      "type": "azurerm_mssql_firewall_rule",
      "name": "res-71",
      "provider": "provider[\"registry.terraform.io/hashicorp/azurerm\"]",
      "instances": [
        {
          "schema_version": 0,
          "attributes": {
            "end_ip_address": "165.225.120.228",
            "id": "/subscriptions/0f550d17-e0d0-4b07-88a5-2f831cf7151f/resourceGroups/em-track-test/providers/Microsoft.Sql/servers/emtrackserver/firewallRules/Chitab",
            "name": "Chitab",
            "server_id": "/subscriptions/0f550d17-e0d0-4b07-88a5-2f831cf7151f/resourceGroups/em-track-test/providers/Microsoft.Sql/servers/emtrackserver",
            "start_ip_address": "165.225.120.228",
            "timeouts": {
              "create": null,
              "delete": null,
              "read": null,
              "update": null
            }
          },
          "sensitive_attributes": [],
          "private": "eyJlMmJmYjczMC1lY2FhLTExZTYtOGY4OC0zNDM2M2JjN2M0YzAiOnsiY3JlYXRlIjoxODAwMDAwMDAwMDAwLCJkZWxldGUiOjE4MDAwMDAwMDAwMDAsInJlYWQiOjMwMDAwMDAwMDAwMCwidXBkYXRlIjoxODAwMDAwMDAwMDAwfSwic2NoZW1hX3ZlcnNpb24iOiIwIn0="
        }
      ]
    },
    {
      "mode": "managed",
      "type": "azurerm_mssql_firewall_rule",
      "name": "res-72",
      "provider": "provider[\"registry.terraform.io/hashicorp/azurerm\"]",
      "instances": [
        {
          "schema_version": 0,
          "attributes": {
            "end_ip_address": "165.225.124.240",
            "id": "/subscriptions/0f550d17-e0d0-4b07-88a5-2f831cf7151f/resourceGroups/em-track-test/providers/Microsoft.Sql/servers/emtrackserver/firewallRules/ClientIPAddress_2022-6-27_15-46-29",
            "name": "ClientIPAddress_2022-6-27_15-46-29",
            "server_id": "/subscriptions/0f550d17-e0d0-4b07-88a5-2f831cf7151f/resourceGroups/em-track-test/providers/Microsoft.Sql/servers/emtrackserver",
            "start_ip_address": "165.225.124.240",
            "timeouts": {
              "create": null,
              "delete": null,
              "read": null,
              "update": null
            }
          },
          "sensitive_attributes": [],
          "private": "eyJlMmJmYjczMC1lY2FhLTExZTYtOGY4OC0zNDM2M2JjN2M0YzAiOnsiY3JlYXRlIjoxODAwMDAwMDAwMDAwLCJkZWxldGUiOjE4MDAwMDAwMDAwMDAsInJlYWQiOjMwMDAwMDAwMDAwMCwidXBkYXRlIjoxODAwMDAwMDAwMDAwfSwic2NoZW1hX3ZlcnNpb24iOiIwIn0="
        }
      ]
    },
    {
      "mode": "managed",
      "type": "azurerm_mssql_firewall_rule",
      "name": "res-73",
      "provider": "provider[\"registry.terraform.io/hashicorp/azurerm\"]",
      "instances": [
        {
          "schema_version": 0,
          "attributes": {
            "end_ip_address": "167.232.252.15",
            "id": "/subscriptions/0f550d17-e0d0-4b07-88a5-2f831cf7151f/resourceGroups/em-track-test/providers/Microsoft.Sql/servers/emtrackserver/firewallRules/Felenia",
            "name": "Felenia",
            "server_id": "/subscriptions/0f550d17-e0d0-4b07-88a5-2f831cf7151f/resourceGroups/em-track-test/providers/Microsoft.Sql/servers/emtrackserver",
            "start_ip_address": "167.232.252.15",
            "timeouts": {
              "create": null,
              "delete": null,
              "read": null,
              "update": null
            }
          },
          "sensitive_attributes": [],
          "private": "eyJlMmJmYjczMC1lY2FhLTExZTYtOGY4OC0zNDM2M2JjN2M0YzAiOnsiY3JlYXRlIjoxODAwMDAwMDAwMDAwLCJkZWxldGUiOjE4MDAwMDAwMDAwMDAsInJlYWQiOjMwMDAwMDAwMDAwMCwidXBkYXRlIjoxODAwMDAwMDAwMDAwfSwic2NoZW1hX3ZlcnNpb24iOiIwIn0="
        }
      ]
    },
    {
      "mode": "managed",
      "type": "azurerm_mssql_firewall_rule",
      "name": "res-74",
      "provider": "provider[\"registry.terraform.io/hashicorp/azurerm\"]",
      "instances": [
        {
          "schema_version": 0,
          "attributes": {
            "end_ip_address": "167.232.248.15",
            "id": "/subscriptions/0f550d17-e0d0-4b07-88a5-2f831cf7151f/resourceGroups/em-track-test/providers/Microsoft.Sql/servers/emtrackserver/firewallRules/Goodyear 1",
            "name": "Goodyear 1",
            "server_id": "/subscriptions/0f550d17-e0d0-4b07-88a5-2f831cf7151f/resourceGroups/em-track-test/providers/Microsoft.Sql/servers/emtrackserver",
            "start_ip_address": "167.232.248.12",
            "timeouts": {
              "create": null,
              "delete": null,
              "read": null,
              "update": null
            }
          },
          "sensitive_attributes": [],
          "private": "eyJlMmJmYjczMC1lY2FhLTExZTYtOGY4OC0zNDM2M2JjN2M0YzAiOnsiY3JlYXRlIjoxODAwMDAwMDAwMDAwLCJkZWxldGUiOjE4MDAwMDAwMDAwMDAsInJlYWQiOjMwMDAwMDAwMDAwMCwidXBkYXRlIjoxODAwMDAwMDAwMDAwfSwic2NoZW1hX3ZlcnNpb24iOiIwIn0="
        }
      ]
    },
    {
      "mode": "managed",
      "type": "azurerm_mssql_firewall_rule",
      "name": "res-75",
      "provider": "provider[\"registry.terraform.io/hashicorp/azurerm\"]",
      "instances": [
        {
          "schema_version": 0,
          "attributes": {
            "end_ip_address": "167.232.252.15",
            "id": "/subscriptions/0f550d17-e0d0-4b07-88a5-2f831cf7151f/resourceGroups/em-track-test/providers/Microsoft.Sql/servers/emtrackserver/firewallRules/Goodyear 2",
            "name": "Goodyear 2",
            "server_id": "/subscriptions/0f550d17-e0d0-4b07-88a5-2f831cf7151f/resourceGroups/em-track-test/providers/Microsoft.Sql/servers/emtrackserver",
            "start_ip_address": "167.232.252.12",
            "timeouts": {
              "create": null,
              "delete": null,
              "read": null,
              "update": null
            }
          },
          "sensitive_attributes": [],
          "private": "eyJlMmJmYjczMC1lY2FhLTExZTYtOGY4OC0zNDM2M2JjN2M0YzAiOnsiY3JlYXRlIjoxODAwMDAwMDAwMDAwLCJkZWxldGUiOjE4MDAwMDAwMDAwMDAsInJlYWQiOjMwMDAwMDAwMDAwMCwidXBkYXRlIjoxODAwMDAwMDAwMDAwfSwic2NoZW1hX3ZlcnNpb24iOiIwIn0="
        }
      ]
    },
    {
      "mode": "managed",
      "type": "azurerm_mssql_firewall_rule",
      "name": "res-76",
      "provider": "provider[\"registry.terraform.io/hashicorp/azurerm\"]",
      "instances": [
        {
          "schema_version": 0,
          "attributes": {
            "end_ip_address": "148.64.5.86",
            "id": "/subscriptions/0f550d17-e0d0-4b07-88a5-2f831cf7151f/resourceGroups/em-track-test/providers/Microsoft.Sql/servers/emtrackserver/firewallRules/Jinsu",
            "name": "Jinsu",
            "server_id": "/subscriptions/0f550d17-e0d0-4b07-88a5-2f831cf7151f/resourceGroups/em-track-test/providers/Microsoft.Sql/servers/emtrackserver",
            "start_ip_address": "148.64.5.86",
            "timeouts": {
              "create": null,
              "delete": null,
              "read": null,
              "update": null
            }
          },
          "sensitive_attributes": [],
          "private": "eyJlMmJmYjczMC1lY2FhLTExZTYtOGY4OC0zNDM2M2JjN2M0YzAiOnsiY3JlYXRlIjoxODAwMDAwMDAwMDAwLCJkZWxldGUiOjE4MDAwMDAwMDAwMDAsInJlYWQiOjMwMDAwMDAwMDAwMCwidXBkYXRlIjoxODAwMDAwMDAwMDAwfSwic2NoZW1hX3ZlcnNpb24iOiIwIn0="
        }
      ]
    },
    {
      "mode": "managed",
      "type": "azurerm_mssql_firewall_rule",
      "name": "res-77",
      "provider": "provider[\"registry.terraform.io/hashicorp/azurerm\"]",
      "instances": [
        {
          "schema_version": 0,
          "attributes": {
            "end_ip_address": "49.36.185.100",
            "id": "/subscriptions/0f550d17-e0d0-4b07-88a5-2f831cf7151f/resourceGroups/em-track-test/providers/Microsoft.Sql/servers/emtrackserver/firewallRules/Lakshay",
            "name": "Lakshay",
            "server_id": "/subscriptions/0f550d17-e0d0-4b07-88a5-2f831cf7151f/resourceGroups/em-track-test/providers/Microsoft.Sql/servers/emtrackserver",
            "start_ip_address": "49.36.185.100",
            "timeouts": {
              "create": null,
              "delete": null,
              "read": null,
              "update": null
            }
          },
          "sensitive_attributes": [],
          "private": "eyJlMmJmYjczMC1lY2FhLTExZTYtOGY4OC0zNDM2M2JjN2M0YzAiOnsiY3JlYXRlIjoxODAwMDAwMDAwMDAwLCJkZWxldGUiOjE4MDAwMDAwMDAwMDAsInJlYWQiOjMwMDAwMDAwMDAwMCwidXBkYXRlIjoxODAwMDAwMDAwMDAwfSwic2NoZW1hX3ZlcnNpb24iOiIwIn0="
        }
      ]
    },
    {
      "mode": "managed",
      "type": "azurerm_mssql_firewall_rule",
      "name": "res-78",
      "provider": "provider[\"registry.terraform.io/hashicorp/azurerm\"]",
      "instances": [
        {
          "schema_version": 0,
          "attributes": {
            "end_ip_address": "157.44.148.60",
            "id": "/subscriptions/0f550d17-e0d0-4b07-88a5-2f831cf7151f/resourceGroups/em-track-test/providers/Microsoft.Sql/servers/emtrackserver/firewallRules/Lekshmi",
            "name": "Lekshmi",
            "server_id": "/subscriptions/0f550d17-e0d0-4b07-88a5-2f831cf7151f/resourceGroups/em-track-test/providers/Microsoft.Sql/servers/emtrackserver",
            "start_ip_address": "157.44.148.60",
            "timeouts": {
              "create": null,
              "delete": null,
              "read": null,
              "update": null
            }
          },
          "sensitive_attributes": [],
          "private": "eyJlMmJmYjczMC1lY2FhLTExZTYtOGY4OC0zNDM2M2JjN2M0YzAiOnsiY3JlYXRlIjoxODAwMDAwMDAwMDAwLCJkZWxldGUiOjE4MDAwMDAwMDAwMDAsInJlYWQiOjMwMDAwMDAwMDAwMCwidXBkYXRlIjoxODAwMDAwMDAwMDAwfSwic2NoZW1hX3ZlcnNpb24iOiIwIn0="
        }
      ]
    },
    {
      "mode": "managed",
      "type": "azurerm_mssql_firewall_rule",
      "name": "res-79",
      "provider": "provider[\"registry.terraform.io/hashicorp/azurerm\"]",
      "instances": [
        {
          "schema_version": 0,
          "attributes": {
            "end_ip_address": "103.85.102.126",
            "id": "/subscriptions/0f550d17-e0d0-4b07-88a5-2f831cf7151f/resourceGroups/em-track-test/providers/Microsoft.Sql/servers/emtrackserver/firewallRules/Minu",
            "name": "Minu",
            "server_id": "/subscriptions/0f550d17-e0d0-4b07-88a5-2f831cf7151f/resourceGroups/em-track-test/providers/Microsoft.Sql/servers/emtrackserver",
            "start_ip_address": "103.85.102.126",
            "timeouts": {
              "create": null,
              "delete": null,
              "read": null,
              "update": null
            }
          },
          "sensitive_attributes": [],
          "private": "eyJlMmJmYjczMC1lY2FhLTExZTYtOGY4OC0zNDM2M2JjN2M0YzAiOnsiY3JlYXRlIjoxODAwMDAwMDAwMDAwLCJkZWxldGUiOjE4MDAwMDAwMDAwMDAsInJlYWQiOjMwMDAwMDAwMDAwMCwidXBkYXRlIjoxODAwMDAwMDAwMDAwfSwic2NoZW1hX3ZlcnNpb24iOiIwIn0="
        }
      ]
    },
    {
      "mode": "managed",
      "type": "azurerm_mssql_firewall_rule",
      "name": "res-80",
      "provider": "provider[\"registry.terraform.io/hashicorp/azurerm\"]",
      "instances": [
        {
          "schema_version": 0,
          "attributes": {
            "end_ip_address": "10.167.64.18",
            "id": "/subscriptions/0f550d17-e0d0-4b07-88a5-2f831cf7151f/resourceGroups/em-track-test/providers/Microsoft.Sql/servers/emtrackserver/firewallRules/New Ip",
            "name": "New Ip",
            "server_id": "/subscriptions/0f550d17-e0d0-4b07-88a5-2f831cf7151f/resourceGroups/em-track-test/providers/Microsoft.Sql/servers/emtrackserver",
            "start_ip_address": "10.167.64.18",
            "timeouts": {
              "create": null,
              "delete": null,
              "read": null,
              "update": null
            }
          },
          "sensitive_attributes": [],
          "private": "eyJlMmJmYjczMC1lY2FhLTExZTYtOGY4OC0zNDM2M2JjN2M0YzAiOnsiY3JlYXRlIjoxODAwMDAwMDAwMDAwLCJkZWxldGUiOjE4MDAwMDAwMDAwMDAsInJlYWQiOjMwMDAwMDAwMDAwMCwidXBkYXRlIjoxODAwMDAwMDAwMDAwfSwic2NoZW1hX3ZlcnNpb24iOiIwIn0="
        }
      ]
    },
    {
      "mode": "managed",
      "type": "azurerm_mssql_firewall_rule",
      "name": "res-81",
      "provider": "provider[\"registry.terraform.io/hashicorp/azurerm\"]",
      "instances": [
        {
          "schema_version": 0,
          "attributes": {
            "end_ip_address": "167.232.235.15",
            "id": "/subscriptions/0f550d17-e0d0-4b07-88a5-2f831cf7151f/resourceGroups/em-track-test/providers/Microsoft.Sql/servers/emtrackserver/firewallRules/RC",
            "name": "RC",
            "server_id": "/subscriptions/0f550d17-e0d0-4b07-88a5-2f831cf7151f/resourceGroups/em-track-test/providers/Microsoft.Sql/servers/emtrackserver",
            "start_ip_address": "167.232.235.15",
            "timeouts": {
              "create": null,
              "delete": null,
              "read": null,
              "update": null
            }
          },
          "sensitive_attributes": [],
          "private": "eyJlMmJmYjczMC1lY2FhLTExZTYtOGY4OC0zNDM2M2JjN2M0YzAiOnsiY3JlYXRlIjoxODAwMDAwMDAwMDAwLCJkZWxldGUiOjE4MDAwMDAwMDAwMDAsInJlYWQiOjMwMDAwMDAwMDAwMCwidXBkYXRlIjoxODAwMDAwMDAwMDAwfSwic2NoZW1hX3ZlcnNpb24iOiIwIn0="
        }
      ]
    },
    {
      "mode": "managed",
      "type": "azurerm_mssql_firewall_rule",
      "name": "res-82",
      "provider": "provider[\"registry.terraform.io/hashicorp/azurerm\"]",
      "instances": [
        {
          "schema_version": 0,
          "attributes": {
            "end_ip_address": "180.232.88.218",
            "id": "/subscriptions/0f550d17-e0d0-4b07-88a5-2f831cf7151f/resourceGroups/em-track-test/providers/Microsoft.Sql/servers/emtrackserver/firewallRules/SB",
            "name": "SB",
            "server_id": "/subscriptions/0f550d17-e0d0-4b07-88a5-2f831cf7151f/resourceGroups/em-track-test/providers/Microsoft.Sql/servers/emtrackserver",
            "start_ip_address": "180.232.88.218",
            "timeouts": {
              "create": null,
              "delete": null,
              "read": null,
              "update": null
            }
          },
          "sensitive_attributes": [],
          "private": "eyJlMmJmYjczMC1lY2FhLTExZTYtOGY4OC0zNDM2M2JjN2M0YzAiOnsiY3JlYXRlIjoxODAwMDAwMDAwMDAwLCJkZWxldGUiOjE4MDAwMDAwMDAwMDAsInJlYWQiOjMwMDAwMDAwMDAwMCwidXBkYXRlIjoxODAwMDAwMDAwMDAwfSwic2NoZW1hX3ZlcnNpb24iOiIwIn0="
        }
      ]
    },
    {
      "mode": "managed",
      "type": "azurerm_mssql_firewall_rule",
      "name": "res-83",
      "provider": "provider[\"registry.terraform.io/hashicorp/azurerm\"]",
      "instances": [
        {
          "schema_version": 0,
          "attributes": {
            "end_ip_address": "167.232.248.15",
            "id": "/subscriptions/0f550d17-e0d0-4b07-88a5-2f831cf7151f/resourceGroups/em-track-test/providers/Microsoft.Sql/servers/emtrackserver/firewallRules/SB-WFH",
            "name": "SB-WFH",
            "server_id": "/subscriptions/0f550d17-e0d0-4b07-88a5-2f831cf7151f/resourceGroups/em-track-test/providers/Microsoft.Sql/servers/emtrackserver",
            "start_ip_address": "167.232.248.15",
            "timeouts": {
              "create": null,
              "delete": null,
              "read": null,
              "update": null
            }
          },
          "sensitive_attributes": [],
          "private": "eyJlMmJmYjczMC1lY2FhLTExZTYtOGY4OC0zNDM2M2JjN2M0YzAiOnsiY3JlYXRlIjoxODAwMDAwMDAwMDAwLCJkZWxldGUiOjE4MDAwMDAwMDAwMDAsInJlYWQiOjMwMDAwMDAwMDAwMCwidXBkYXRlIjoxODAwMDAwMDAwMDAwfSwic2NoZW1hX3ZlcnNpb24iOiIwIn0="
        }
      ]
    },
    {
      "mode": "managed",
      "type": "azurerm_mssql_firewall_rule",
      "name": "res-84",
      "provider": "provider[\"registry.terraform.io/hashicorp/azurerm\"]",
      "instances": [
        {
          "schema_version": 0,
          "attributes": {
            "end_ip_address": "122.176.206.25",
            "id": "/subscriptions/0f550d17-e0d0-4b07-88a5-2f831cf7151f/resourceGroups/em-track-test/providers/Microsoft.Sql/servers/emtrackserver/firewallRules/Saad",
            "name": "Saad",
            "server_id": "/subscriptions/0f550d17-e0d0-4b07-88a5-2f831cf7151f/resourceGroups/em-track-test/providers/Microsoft.Sql/servers/emtrackserver",
            "start_ip_address": "122.176.206.25",
            "timeouts": {
              "create": null,
              "delete": null,
              "read": null,
              "update": null
            }
          },
          "sensitive_attributes": [],
          "private": "eyJlMmJmYjczMC1lY2FhLTExZTYtOGY4OC0zNDM2M2JjN2M0YzAiOnsiY3JlYXRlIjoxODAwMDAwMDAwMDAwLCJkZWxldGUiOjE4MDAwMDAwMDAwMDAsInJlYWQiOjMwMDAwMDAwMDAwMCwidXBkYXRlIjoxODAwMDAwMDAwMDAwfSwic2NoZW1hX3ZlcnNpb24iOiIwIn0="
        }
      ]
    },
    {
      "mode": "managed",
      "type": "azurerm_mssql_firewall_rule",
      "name": "res-85",
      "provider": "provider[\"registry.terraform.io/hashicorp/azurerm\"]",
      "instances": [
        {
          "schema_version": 0,
          "attributes": {
            "end_ip_address": "137.97.15.90",
            "id": "/subscriptions/0f550d17-e0d0-4b07-88a5-2f831cf7151f/resourceGroups/em-track-test/providers/Microsoft.Sql/servers/emtrackserver/firewallRules/TCS Nw ip",
            "name": "TCS Nw ip",
            "server_id": "/subscriptions/0f550d17-e0d0-4b07-88a5-2f831cf7151f/resourceGroups/em-track-test/providers/Microsoft.Sql/servers/emtrackserver",
            "start_ip_address": "137.97.15.90",
            "timeouts": {
              "create": null,
              "delete": null,
              "read": null,
              "update": null
            }
          },
          "sensitive_attributes": [],
          "private": "eyJlMmJmYjczMC1lY2FhLTExZTYtOGY4OC0zNDM2M2JjN2M0YzAiOnsiY3JlYXRlIjoxODAwMDAwMDAwMDAwLCJkZWxldGUiOjE4MDAwMDAwMDAwMDAsInJlYWQiOjMwMDAwMDAwMDAwMCwidXBkYXRlIjoxODAwMDAwMDAwMDAwfSwic2NoZW1hX3ZlcnNpb24iOiIwIn0="
        }
      ]
    },
    {
      "mode": "managed",
      "type": "azurerm_mssql_firewall_rule",
      "name": "res-86",
      "provider": "provider[\"registry.terraform.io/hashicorp/azurerm\"]",
      "instances": [
        {
          "schema_version": 0,
          "attributes": {
            "end_ip_address": "14.141.33.52",
            "id": "/subscriptions/0f550d17-e0d0-4b07-88a5-2f831cf7151f/resourceGroups/em-track-test/providers/Microsoft.Sql/servers/emtrackserver/firewallRules/Tcs ip",
            "name": "Tcs ip",
            "server_id": "/subscriptions/0f550d17-e0d0-4b07-88a5-2f831cf7151f/resourceGroups/em-track-test/providers/Microsoft.Sql/servers/emtrackserver",
            "start_ip_address": "14.141.33.52",
            "timeouts": {
              "create": null,
              "delete": null,
              "read": null,
              "update": null
            }
          },
          "sensitive_attributes": [],
          "private": "eyJlMmJmYjczMC1lY2FhLTExZTYtOGY4OC0zNDM2M2JjN2M0YzAiOnsiY3JlYXRlIjoxODAwMDAwMDAwMDAwLCJkZWxldGUiOjE4MDAwMDAwMDAwMDAsInJlYWQiOjMwMDAwMDAwMDAwMCwidXBkYXRlIjoxODAwMDAwMDAwMDAwfSwic2NoZW1hX3ZlcnNpb24iOiIwIn0="
        }
      ]
    },
    {
      "mode": "managed",
      "type": "azurerm_mssql_firewall_rule",
      "name": "res-87",
      "provider": "provider[\"registry.terraform.io/hashicorp/azurerm\"]",
      "instances": [
        {
          "schema_version": 0,
          "attributes": {
            "end_ip_address": "165.225.120.244",
            "id": "/subscriptions/0f550d17-e0d0-4b07-88a5-2f831cf7151f/resourceGroups/em-track-test/providers/Microsoft.Sql/servers/emtrackserver/firewallRules/query-editor-6fa1dd",
            "name": "query-editor-6fa1dd",
            "server_id": "/subscriptions/0f550d17-e0d0-4b07-88a5-2f831cf7151f/resourceGroups/em-track-test/providers/Microsoft.Sql/servers/emtrackserver",
            "start_ip_address": "165.225.120.244",
            "timeouts": {
              "create": null,
              "delete": null,
              "read": null,
              "update": null
            }
          },
          "sensitive_attributes": [],
          "private": "eyJlMmJmYjczMC1lY2FhLTExZTYtOGY4OC0zNDM2M2JjN2M0YzAiOnsiY3JlYXRlIjoxODAwMDAwMDAwMDAwLCJkZWxldGUiOjE4MDAwMDAwMDAwMDAsInJlYWQiOjMwMDAwMDAwMDAwMCwidXBkYXRlIjoxODAwMDAwMDAwMDAwfSwic2NoZW1hX3ZlcnNpb24iOiIwIn0="
        }
      ]
    },
    {
      "mode": "managed",
      "type": "azurerm_mssql_firewall_rule",
      "name": "res-88",
      "provider": "provider[\"registry.terraform.io/hashicorp/azurerm\"]",
      "instances": [
        {
          "schema_version": 0,
          "attributes": {
            "end_ip_address": "136.226.251.34",
            "id": "/subscriptions/0f550d17-e0d0-4b07-88a5-2f831cf7151f/resourceGroups/em-track-test/providers/Microsoft.Sql/servers/emtrackserver/firewallRules/query-editor-eeda4d",
            "name": "query-editor-eeda4d",
            "server_id": "/subscriptions/0f550d17-e0d0-4b07-88a5-2f831cf7151f/resourceGroups/em-track-test/providers/Microsoft.Sql/servers/emtrackserver",
            "start_ip_address": "136.226.251.34",
            "timeouts": {
              "create": null,
              "delete": null,
              "read": null,
              "update": null
            }
          },
          "sensitive_attributes": [],
          "private": "eyJlMmJmYjczMC1lY2FhLTExZTYtOGY4OC0zNDM2M2JjN2M0YzAiOnsiY3JlYXRlIjoxODAwMDAwMDAwMDAwLCJkZWxldGUiOjE4MDAwMDAwMDAwMDAsInJlYWQiOjMwMDAwMDAwMDAwMCwidXBkYXRlIjoxODAwMDAwMDAwMDAwfSwic2NoZW1hX3ZlcnNpb24iOiIwIn0="
        }
      ]
    },
    {
      "mode": "managed",
      "type": "azurerm_mssql_server",
      "name": "res-1",
      "provider": "provider[\"registry.terraform.io/hashicorp/azurerm\"]",
      "instances": [
        {
          "schema_version": 0,
          "attributes": {
            "administrator_login": "em_sadmin",
            "administrator_login_password": null,
            "azuread_administrator": [],
            "connection_policy": "Default",
            "fully_qualified_domain_name": "emtrackserver.database.windows.net",
            "id": "/subscriptions/0f550d17-e0d0-4b07-88a5-2f831cf7151f/resourceGroups/em-track-test/providers/Microsoft.Sql/servers/emtrackserver",
            "identity": [],
            "location": "eastus",
            "minimum_tls_version": "Disabled",
            "name": "emtrackserver",
            "outbound_network_restriction_enabled": false,
            "primary_user_assigned_identity_id": "",
            "public_network_access_enabled": true,
            "resource_group_name": "em-track-test",
            "restorable_dropped_database_ids": [],
            "tags": {
              "gy_cc": "6675",
              "gy_env": "prod"
            },
            "timeouts": {
              "create": null,
              "delete": null,
              "read": null,
              "update": null
            },
            "version": "12.0"
          },
          "sensitive_attributes": [],
          "private": "eyJlMmJmYjczMC1lY2FhLTExZTYtOGY4OC0zNDM2M2JjN2M0YzAiOnsiY3JlYXRlIjozNjAwMDAwMDAwMDAwLCJkZWxldGUiOjM2MDAwMDAwMDAwMDAsInJlYWQiOjMwMDAwMDAwMDAwMCwidXBkYXRlIjozNjAwMDAwMDAwMDAwfSwic2NoZW1hX3ZlcnNpb24iOiIwIn0="
        }
      ]
    },
    {
      "mode": "managed",
      "type": "azurerm_mssql_server_extended_auditing_policy",
      "name": "res-69",
      "provider": "provider[\"registry.terraform.io/hashicorp/azurerm\"]",
      "instances": [
        {
          "schema_version": 0,
          "attributes": {
            "enabled": true,
            "id": "/subscriptions/0f550d17-e0d0-4b07-88a5-2f831cf7151f/resourceGroups/em-track-test/providers/Microsoft.Sql/servers/emtrackserver/extendedAuditingSettings/Default",
            "log_monitoring_enabled": false,
            "retention_in_days": 7,
            "server_id": "/subscriptions/0f550d17-e0d0-4b07-88a5-2f831cf7151f/resourceGroups/em-track-test/providers/Microsoft.Sql/servers/emtrackserver",
            "storage_account_access_key": null,
            "storage_account_access_key_is_secondary": false,
            "storage_account_subscription_id": "0f550d17-e0d0-4b07-88a5-2f831cf7151f",
            "storage_endpoint": "https://emtracktestaudit.blob.core.windows.net/",
            "timeouts": {
              "create": null,
              "delete": null,
              "read": null,
              "update": null
            }
          },
          "sensitive_attributes": [],
          "private": "eyJlMmJmYjczMC1lY2FhLTExZTYtOGY4OC0zNDM2M2JjN2M0YzAiOnsiY3JlYXRlIjoxODAwMDAwMDAwMDAwLCJkZWxldGUiOjE4MDAwMDAwMDAwMDAsInJlYWQiOjMwMDAwMDAwMDAwMCwidXBkYXRlIjoxODAwMDAwMDAwMDAwfSwic2NoZW1hX3ZlcnNpb24iOiIwIn0="
        }
      ]
    },
    {
      "mode": "managed",
      "type": "azurerm_mssql_server_security_alert_policy",
      "name": "res-90",
      "provider": "provider[\"registry.terraform.io/hashicorp/azurerm\"]",
      "instances": [
        {
          "schema_version": 0,
          "attributes": {
            "disabled_alerts": [],
            "email_account_admins": true,
            "email_addresses": [],
            "id": "/subscriptions/0f550d17-e0d0-4b07-88a5-2f831cf7151f/resourceGroups/em-track-test/providers/Microsoft.Sql/servers/emtrackserver/securityAlertPolicies/Default",
            "resource_group_name": "em-track-test",
            "retention_days": 7,
            "server_name": "emtrackserver",
            "state": "Enabled",
            "storage_account_access_key": null,
            "storage_endpoint": "https://emtracktestaudit.blob.core.windows.net/",
            "timeouts": {
              "create": null,
              "delete": null,
              "read": null,
              "update": null
            }
          },
          "sensitive_attributes": [],
          "private": "eyJlMmJmYjczMC1lY2FhLTExZTYtOGY4OC0zNDM2M2JjN2M0YzAiOnsiY3JlYXRlIjoxODAwMDAwMDAwMDAwLCJkZWxldGUiOjE4MDAwMDAwMDAwMDAsInJlYWQiOjMwMDAwMDAwMDAwMCwidXBkYXRlIjoxODAwMDAwMDAwMDAwfSwic2NoZW1hX3ZlcnNpb24iOiIwIn0="
        }
      ]
    },
    {
      "mode": "managed",
      "type": "azurerm_mssql_server_transparent_data_encryption",
      "name": "res-68",
      "provider": "provider[\"registry.terraform.io/hashicorp/azurerm\"]",
      "instances": [
        {
          "schema_version": 0,
          "attributes": {
            "id": "/subscriptions/0f550d17-e0d0-4b07-88a5-2f831cf7151f/resourceGroups/em-track-test/providers/Microsoft.Sql/servers/emtrackserver/encryptionProtector/current",
            "key_vault_key_id": "",
            "server_id": "/subscriptions/0f550d17-e0d0-4b07-88a5-2f831cf7151f/resourceGroups/em-track-test/providers/Microsoft.Sql/servers/emtrackserver",
            "timeouts": {
              "create": null,
              "delete": null,
              "read": null,
              "update": null
            }
          },
          "sensitive_attributes": [],
          "private": "eyJlMmJmYjczMC1lY2FhLTExZTYtOGY4OC0zNDM2M2JjN2M0YzAiOnsiY3JlYXRlIjoxODAwMDAwMDAwMDAwLCJkZWxldGUiOjE4MDAwMDAwMDAwMDAsInJlYWQiOjMwMDAwMDAwMDAwMCwidXBkYXRlIjoxODAwMDAwMDAwMDAwfSwic2NoZW1hX3ZlcnNpb24iOiIwIn0="
        }
      ]
    },
    {
      "mode": "managed",
      "type": "azurerm_mssql_server_vulnerability_assessment",
      "name": "res-92",
      "provider": "provider[\"registry.terraform.io/hashicorp/azurerm\"]",
      "instances": [
        {
          "schema_version": 0,
          "attributes": {
            "id": "/subscriptions/0f550d17-e0d0-4b07-88a5-2f831cf7151f/resourceGroups/em-track-test/providers/Microsoft.Sql/servers/emtrackserver/vulnerabilityAssessments/Default",
            "recurring_scans": [
              {
                "email_subscription_admins": true,
                "emails": [],
                "enabled": false
              }
            ],
            "server_security_alert_policy_id": "/subscriptions/0f550d17-e0d0-4b07-88a5-2f831cf7151f/resourceGroups/em-track-test/providers/Microsoft.Sql/servers/emtrackserver/securityAlertPolicies/Default",
            "storage_account_access_key": null,
            "storage_container_path": "",
            "storage_container_sas_key": null,
            "timeouts": {
              "create": null,
              "delete": null,
              "read": null,
              "update": null
            }
          },
          "sensitive_attributes": [],
          "private": "eyJlMmJmYjczMC1lY2FhLTExZTYtOGY4OC0zNDM2M2JjN2M0YzAiOnsiY3JlYXRlIjoxODAwMDAwMDAwMDAwLCJkZWxldGUiOjE4MDAwMDAwMDAwMDAsInJlYWQiOjMwMDAwMDAwMDAwMCwidXBkYXRlIjoxODAwMDAwMDAwMDAwfSwic2NoZW1hX3ZlcnNpb24iOiIwIn0="
        }
      ]
    },
    {
      "mode": "managed",
      "type": "azurerm_resource_group",
      "name": "res-0",
      "provider": "provider[\"registry.terraform.io/hashicorp/azurerm\"]",
      "instances": [
        {
          "schema_version": 0,
          "attributes": {
            "id": "/subscriptions/0f550d17-e0d0-4b07-88a5-2f831cf7151f/resourceGroups/em-track-test",
            "location": "eastus2",
            "name": "em-track-test",
            "tags": {
              "gy_cc": "6675",
              "gy_env": "prod"
            },
            "timeouts": {
              "create": null,
              "delete": null,
              "read": null,
              "update": null
            }
          },
          "sensitive_attributes": [],
          "private": "eyJlMmJmYjczMC1lY2FhLTExZTYtOGY4OC0zNDM2M2JjN2M0YzAiOnsiY3JlYXRlIjo1NDAwMDAwMDAwMDAwLCJkZWxldGUiOjU0MDAwMDAwMDAwMDAsInJlYWQiOjMwMDAwMDAwMDAwMCwidXBkYXRlIjo1NDAwMDAwMDAwMDAwfSwic2NoZW1hX3ZlcnNpb24iOiIwIn0="
        }
      ]
    },
    {
      "mode": "managed",
      "type": "azurerm_service_plan",
      "name": "res-101",
      "provider": "provider[\"registry.terraform.io/hashicorp/azurerm\"]",
      "instances": [
        {
          "schema_version": 0,
          "attributes": {
            "app_service_environment_id": "",
            "id": "/subscriptions/0f550d17-e0d0-4b07-88a5-2f831cf7151f/resourceGroups/em-track-test/providers/Microsoft.Web/serverfarms/em-track-test-plan",
            "kind": "app",
            "location": "eastus2",
            "maximum_elastic_worker_count": 2,
            "name": "em-track-test-plan",
            "os_type": "Windows",
            "per_site_scaling_enabled": false,
            "reserved": false,
            "resource_group_name": "em-track-test",
            "sku_name": "S2",
            "tags": {
              "Environment": "TEST",
              "Product": "EMTrack",
              "gy_cc": "6675",
              "gy_env": "prod"
            },
            "timeouts": {
              "create": null,
              "delete": null,
              "read": null,
              "update": null
            },
            "worker_count": 2,
            "zone_balancing_enabled": false
          },
          "sensitive_attributes": [],
          "private": "eyJlMmJmYjczMC1lY2FhLTExZTYtOGY4OC0zNDM2M2JjN2M0YzAiOnsiY3JlYXRlIjozNjAwMDAwMDAwMDAwLCJkZWxldGUiOjM2MDAwMDAwMDAwMDAsInJlYWQiOjMwMDAwMDAwMDAwMCwidXBkYXRlIjozNjAwMDAwMDAwMDAwfSwic2NoZW1hX3ZlcnNpb24iOiIwIn0="
        }
      ]
    },
    {
      "mode": "managed",
      "type": "azurerm_storage_account",
      "name": "res-93",
      "provider": "provider[\"registry.terraform.io/hashicorp/azurerm\"]",
      "instances": [
        {
          "schema_version": 3,
          "attributes": {
            "access_tier": "",
            "account_kind": "Storage",
            "account_replication_type": "LRS",
            "account_tier": "Standard",
            "allow_nested_items_to_be_public": true,
            "azure_files_authentication": [],
            "blob_properties": [
              {
                "change_feed_enabled": false,
                "change_feed_retention_in_days": 0,
                "container_delete_retention_policy": [],
                "cors_rule": [
                  {
                    "allowed_headers": [
                      "*"
                    ],
                    "allowed_methods": [
                      "GET"
                    ],
                    "allowed_origins": [
                      "https://sql2.ext.azure.com"
                    ],
                    "exposed_headers": [
                      "*"
                    ],
                    "max_age_in_seconds": 0
                  }
                ],
                "default_service_version": "",
                "delete_retention_policy": [],
                "last_access_time_enabled": false,
                "versioning_enabled": false
              }
            ],
            "cross_tenant_replication_enabled": null,
            "custom_domain": [],
            "customer_managed_key": [],
            "default_to_oauth_authentication": false,
            "edge_zone": "",
            "enable_https_traffic_only": false,
            "id": "/subscriptions/0f550d17-e0d0-4b07-88a5-2f831cf7151f/resourceGroups/em-track-test/providers/Microsoft.Storage/storageAccounts/emtracktestaudit",
            "identity": [],
            "infrastructure_encryption_enabled": false,
            "is_hns_enabled": false,
            "large_file_share_enabled": null,
            "location": "eastus",
            "min_tls_version": "TLS1_0",
            "name": "emtracktestaudit",
            "network_rules": [
              {
                "bypass": [
                  "AzureServices"
                ],
                "default_action": "Allow",
                "ip_rules": [],
                "private_link_access": [],
                "virtual_network_subnet_ids": []
              }
            ],
            "nfsv3_enabled": false,
            "primary_access_key": "6WkRcVmgJ3msryAeCuO7y7mfSTVKyhyPBuW32VNryVg4jDOZiuOojhvpFFTQeU5yaWNlvj1UUfwEdTUFkOh6Fg==",
            "primary_blob_connection_string": "DefaultEndpointsProtocol=https;BlobEndpoint=https://emtracktestaudit.blob.core.windows.net/;AccountName=emtracktestaudit;AccountKey=6WkRcVmgJ3msryAeCuO7y7mfSTVKyhyPBuW32VNryVg4jDOZiuOojhvpFFTQeU5yaWNlvj1UUfwEdTUFkOh6Fg==",
            "primary_blob_endpoint": "https://emtracktestaudit.blob.core.windows.net/",
            "primary_blob_host": "emtracktestaudit.blob.core.windows.net",
            "primary_connection_string": "DefaultEndpointsProtocol=https;AccountName=emtracktestaudit;AccountKey=6WkRcVmgJ3msryAeCuO7y7mfSTVKyhyPBuW32VNryVg4jDOZiuOojhvpFFTQeU5yaWNlvj1UUfwEdTUFkOh6Fg==;EndpointSuffix=core.windows.net",
            "primary_dfs_endpoint": "",
            "primary_dfs_host": "",
            "primary_file_endpoint": "https://emtracktestaudit.file.core.windows.net/",
            "primary_file_host": "emtracktestaudit.file.core.windows.net",
            "primary_location": "eastus",
            "primary_queue_endpoint": "https://emtracktestaudit.queue.core.windows.net/",
            "primary_queue_host": "emtracktestaudit.queue.core.windows.net",
            "primary_table_endpoint": "https://emtracktestaudit.table.core.windows.net/",
            "primary_table_host": "emtracktestaudit.table.core.windows.net",
            "primary_web_endpoint": "",
            "primary_web_host": "",
            "public_network_access_enabled": true,
            "queue_encryption_key_type": "Service",
            "queue_properties": [
              {
                "cors_rule": [],
                "hour_metrics": [
                  {
                    "enabled": true,
                    "include_apis": true,
                    "retention_policy_days": 7,
                    "version": "1.0"
                  }
                ],
                "logging": [
                  {
                    "delete": false,
                    "read": false,
                    "retention_policy_days": 0,
                    "version": "1.0",
                    "write": false
                  }
                ],
                "minute_metrics": [
                  {
                    "enabled": false,
                    "include_apis": false,
                    "retention_policy_days": 0,
                    "version": "1.0"
                  }
                ]
              }
            ],
            "resource_group_name": "em-track-test",
            "routing": [],
            "secondary_access_key": "3Ak1IQXONU7TP7BjPyVeXfnWpmVTPRtfjpWIcUDJxoiJ69xNBCD99EsSw3697kofv0cbpZ3tRzjO1FnxVu2/pQ==",
            "secondary_blob_connection_string": "",
            "secondary_blob_endpoint": null,
            "secondary_blob_host": null,
            "secondary_connection_string": "DefaultEndpointsProtocol=https;AccountName=emtracktestaudit;AccountKey=3Ak1IQXONU7TP7BjPyVeXfnWpmVTPRtfjpWIcUDJxoiJ69xNBCD99EsSw3697kofv0cbpZ3tRzjO1FnxVu2/pQ==;EndpointSuffix=core.windows.net",
            "secondary_dfs_endpoint": null,
            "secondary_dfs_host": null,
            "secondary_file_endpoint": null,
            "secondary_file_host": null,
            "secondary_location": "",
            "secondary_queue_endpoint": null,
            "secondary_queue_host": null,
            "secondary_table_endpoint": null,
            "secondary_table_host": null,
            "secondary_web_endpoint": null,
            "secondary_web_host": null,
            "share_properties": [
              {
                "cors_rule": [],
                "retention_policy": [],
                "smb": []
              }
            ],
            "shared_access_key_enabled": true,
            "static_website": [],
            "table_encryption_key_type": "Service",
            "tags": {
              "gy_cc": "6675",
              "gy_env": "prod"
            },
            "timeouts": {
              "create": null,
              "delete": null,
              "read": null,
              "update": null
            }
          },
          "sensitive_attributes": [],
          "private": "eyJlMmJmYjczMC1lY2FhLTExZTYtOGY4OC0zNDM2M2JjN2M0YzAiOnsiY3JlYXRlIjozNjAwMDAwMDAwMDAwLCJkZWxldGUiOjM2MDAwMDAwMDAwMDAsInJlYWQiOjMwMDAwMDAwMDAwMCwidXBkYXRlIjozNjAwMDAwMDAwMDAwfSwic2NoZW1hX3ZlcnNpb24iOiIzIn0="
        }
      ]
    },
    {
      "mode": "managed",
      "type": "azurerm_storage_container",
      "name": "res-95",
      "provider": "provider[\"registry.terraform.io/hashicorp/azurerm\"]",
      "instances": [
        {
          "schema_version": 1,
          "attributes": {
            "container_access_type": "private",
            "has_immutability_policy": false,
            "has_legal_hold": false,
            "id": "https://emtracktestaudit.blob.core.windows.net/sqldbauditlogs",
            "metadata": {},
            "name": "sqldbauditlogs",
            "resource_manager_id": "/subscriptions/0f550d17-e0d0-4b07-88a5-2f831cf7151f/resourceGroups/em-track-test/providers/Microsoft.Storage/storageAccounts/emtracktestaudit/blobServices/default/containers/sqldbauditlogs",
            "storage_account_name": "emtracktestaudit",
            "timeouts": {
              "create": null,
              "delete": null,
              "read": null,
              "update": null
            }
          },
          "sensitive_attributes": [],
          "private": "eyJlMmJmYjczMC1lY2FhLTExZTYtOGY4OC0zNDM2M2JjN2M0YzAiOnsiY3JlYXRlIjoxODAwMDAwMDAwMDAwLCJkZWxldGUiOjE4MDAwMDAwMDAwMDAsInJlYWQiOjMwMDAwMDAwMDAwMCwidXBkYXRlIjoxODAwMDAwMDAwMDAwfSwic2NoZW1hX3ZlcnNpb24iOiIxIn0="
        }
      ]
    },
    {
      "mode": "managed",
      "type": "azurerm_storage_container",
      "name": "res-96",
      "provider": "provider[\"registry.terraform.io/hashicorp/azurerm\"]",
      "instances": [
        {
          "schema_version": 1,
          "attributes": {
            "container_access_type": "private",
            "has_immutability_policy": false,
            "has_legal_hold": false,
            "id": "https://emtracktestaudit.blob.core.windows.net/sqldbtdlogs",
            "metadata": {},
            "name": "sqldbtdlogs",
            "resource_manager_id": "/subscriptions/0f550d17-e0d0-4b07-88a5-2f831cf7151f/resourceGroups/em-track-test/providers/Microsoft.Storage/storageAccounts/emtracktestaudit/blobServices/default/containers/sqldbtdlogs",
            "storage_account_name": "emtracktestaudit",
            "timeouts": {
              "create": null,
              "delete": null,
              "read": null,
              "update": null
            }
          },
          "sensitive_attributes": [],
          "private": "eyJlMmJmYjczMC1lY2FhLTExZTYtOGY4OC0zNDM2M2JjN2M0YzAiOnsiY3JlYXRlIjoxODAwMDAwMDAwMDAwLCJkZWxldGUiOjE4MDAwMDAwMDAwMDAsInJlYWQiOjMwMDAwMDAwMDAwMCwidXBkYXRlIjoxODAwMDAwMDAwMDAwfSwic2NoZW1hX3ZlcnNpb24iOiIxIn0="
        }
      ]
    },
    {
      "mode": "managed",
      "type": "azurerm_storage_container",
      "name": "res-97",
      "provider": "provider[\"registry.terraform.io/hashicorp/azurerm\"]",
      "instances": [
        {
          "schema_version": 1,
          "attributes": {
            "container_access_type": "private",
            "has_immutability_policy": false,
            "has_legal_hold": false,
            "id": "https://emtracktestaudit.blob.core.windows.net/vulnerability-assessment",
            "metadata": {},
            "name": "vulnerability-assessment",
            "resource_manager_id": "/subscriptions/0f550d17-e0d0-4b07-88a5-2f831cf7151f/resourceGroups/em-track-test/providers/Microsoft.Storage/storageAccounts/emtracktestaudit/blobServices/default/containers/vulnerability-assessment",
            "storage_account_name": "emtracktestaudit",
            "timeouts": {
              "create": null,
              "delete": null,
              "read": null,
              "update": null
            }
          },
          "sensitive_attributes": [],
          "private": "eyJlMmJmYjczMC1lY2FhLTExZTYtOGY4OC0zNDM2M2JjN2M0YzAiOnsiY3JlYXRlIjoxODAwMDAwMDAwMDAwLCJkZWxldGUiOjE4MDAwMDAwMDAwMDAsInJlYWQiOjMwMDAwMDAwMDAwMCwidXBkYXRlIjoxODAwMDAwMDAwMDAwfSwic2NoZW1hX3ZlcnNpb24iOiIxIn0="
        }
      ]
    },
    {
      "mode": "managed",
      "type": "azurerm_windows_web_app",
      "name": "res-102",
      "provider": "provider[\"registry.terraform.io/hashicorp/azurerm\"]",
      "instances": [
        {
          "schema_version": 0,
          "attributes": {
            "app_settings": {
              "APPINSIGHTS_INSTRUMENTATIONKEY": "8d7b05b0-891f-4ca2-a011-8e48d5b527af",
              "ASPNETCORE_ENVIRONMENT": "Development",
              "MSDEPLOY_RENAME_LOCKED_FILES": "1"
            },
            "auth_settings": [
              {
                "active_directory": [],
                "additional_login_parameters": {},
                "allowed_external_redirect_urls": [],
                "default_provider": "",
                "enabled": false,
                "facebook": [],
                "github": [],
                "google": [],
                "issuer": "",
                "microsoft": [],
                "runtime_version": "",
                "token_refresh_extension_hours": 0,
                "token_store_enabled": false,
                "twitter": [],
                "unauthenticated_client_action": ""
              }
            ],
            "backup": [],
            "client_affinity_enabled": true,
            "client_certificate_enabled": false,
            "client_certificate_mode": "Required",
            "connection_string": [],
            "custom_domain_verification_id": "3C2C8E2297B357640BF20A344B7975B32AB155324ADDE1707D5E79EEAF668854",
            "default_hostname": "em-track-test.azurewebsites.net",
            "enabled": true,
            "https_only": false,
            "id": "/subscriptions/0f550d17-e0d0-4b07-88a5-2f831cf7151f/resourceGroups/em-track-test/providers/Microsoft.Web/sites/em-track-test",
            "identity": [],
            "key_vault_reference_identity_id": "SystemAssigned",
            "kind": "app",
            "location": "eastus2",
            "logs": [
              {
                "application_logs": [],
                "detailed_error_messages": false,
                "failed_request_tracing": false,
                "http_logs": []
              }
            ],
            "name": "em-track-test",
            "outbound_ip_address_list": [
              "52.184.199.10",
              "52.184.196.133",
              "52.184.195.251",
              "52.184.198.106"
            ],
            "outbound_ip_addresses": "52.184.199.10,52.184.196.133,52.184.195.251,52.184.198.106",
            "possible_outbound_ip_address_list": [
              "52.184.199.10",
              "52.184.196.133",
              "52.184.195.251",
              "52.184.198.106",
              "52.247.118.156",
              "52.247.119.203",
              "52.247.119.20",
              "52.247.52.234",
              "137.116.92.151",
              "52.184.193.103",
              "40.70.147.20"
            ],
            "possible_outbound_ip_addresses": "52.184.199.10,52.184.196.133,52.184.195.251,52.184.198.106,52.247.118.156,52.247.119.203,52.247.119.20,52.247.52.234,137.116.92.151,52.184.193.103,40.70.147.20",
            "resource_group_name": "em-track-test",
            "service_plan_id": "/subscriptions/0f550d17-e0d0-4b07-88a5-2f831cf7151f/resourceGroups/em-track-test/providers/Microsoft.Web/serverfarms/em-track-test-plan",
            "site_config": [
              {
                "always_on": true,
                "api_definition_url": "",
                "api_management_api_id": "",
                "app_command_line": "",
                "application_stack": [
                  {
                    "current_stack": "",
                    "docker_container_name": "",
                    "docker_container_registry": "",
                    "docker_container_tag": "",
                    "dotnet_version": "v4.0",
                    "java_container": "",
                    "java_container_version": "",
                    "java_version": "",
                    "node_version": "",
                    "php_version": "5.6",
                    "python_version": ""
                  }
                ],
                "auto_heal_enabled": false,
                "auto_heal_setting": [],
                "container_registry_managed_identity_client_id": "",
                "container_registry_use_managed_identity": false,
                "cors": [
                  {
                    "allowed_origins": [
                      "*"
                    ],
                    "support_credentials": false
                  }
                ],
                "default_documents": [
                  "Default.htm",
                  "Default.html",
                  "Default.asp",
                  "index.htm",
                  "index.html",
                  "iisstart.htm",
                  "default.aspx",
                  "index.php",
                  "hostingstart.html"
                ],
                "detailed_error_logging_enabled": false,
                "ftps_state": "Disabled",
                "health_check_eviction_time_in_min": 0,
                "health_check_path": "",
                "http2_enabled": false,
                "ip_restriction": [],
                "linux_fx_version": "",
                "load_balancing_mode": "LeastRequests",
                "local_mysql_enabled": false,
                "managed_pipeline_mode": "Integrated",
                "minimum_tls_version": "1.2",
                "remote_debugging_enabled": false,
                "remote_debugging_version": "",
                "scm_ip_restriction": [],
                "scm_minimum_tls_version": "1.0",
                "scm_type": "VSTSRM",
                "scm_use_main_ip_restriction": false,
                "use_32_bit_worker": false,
                "virtual_application": [],
                "vnet_route_all_enabled": false,
                "websockets_enabled": true,
                "windows_fx_version": "",
                "worker_count": 1
              }
            ],
            "site_credential": [
              {
                "name": "$em-track-test",
                "password": "Zu1Qs372uXXmHwvFgsRK7rLNxANomoY12JYDQ2ceJELHhXnLXNJJp33ltN1j"
              }
            ],
            "sticky_settings": [],
            "storage_account": [],
            "tags": {
              "gy_cc": "6675",
              "gy_env": "prod",
              "hidden-related:/subscriptions/0f550d17-e0d0-4b07-88a5-2f831cf7151f/resourcegroups/em-track-test/providers/Microsoft.Web/serverfarms/em-track-test-plan": "empty"
            },
            "timeouts": {
              "create": null,
              "delete": null,
              "read": null,
              "update": null
            },
            "virtual_network_subnet_id": "",
            "zip_deploy_file": ""
          },
          "sensitive_attributes": [],
          "private": "eyJlMmJmYjczMC1lY2FhLTExZTYtOGY4OC0zNDM2M2JjN2M0YzAiOnsiY3JlYXRlIjoxODAwMDAwMDAwMDAwLCJkZWxldGUiOjE4MDAwMDAwMDAwMDAsInJlYWQiOjMwMDAwMDAwMDAwMCwidXBkYXRlIjoxODAwMDAwMDAwMDAwfSwic2NoZW1hX3ZlcnNpb24iOiIwIn0="
        }
      ]
    },
    {
      "mode": "managed",
      "type": "azurerm_windows_web_app",
      "name": "res-298",
      "provider": "provider[\"registry.terraform.io/hashicorp/azurerm\"]",
      "instances": [
        {
          "schema_version": 0,
          "attributes": {
            "app_settings": {
              "ANCM_ADDITIONAL_ERROR_PAGE_LINK": "https://emtrack-react-test.scm.azurewebsites.net/detectors?type=tools\u0026name=eventviewer",
              "WEBSITE_RUN_FROM_PACKAGE": "1"
            },
            "auth_settings": [
              {
                "active_directory": [],
                "additional_login_parameters": {},
                "allowed_external_redirect_urls": [],
                "default_provider": "",
                "enabled": false,
                "facebook": [],
                "github": [],
                "google": [],
                "issuer": "",
                "microsoft": [],
                "runtime_version": "",
                "token_refresh_extension_hours": 0,
                "token_store_enabled": false,
                "twitter": [],
                "unauthenticated_client_action": ""
              }
            ],
            "backup": [],
            "client_affinity_enabled": true,
            "client_certificate_enabled": false,
            "client_certificate_mode": "Required",
            "connection_string": [],
            "custom_domain_verification_id": "3C2C8E2297B357640BF20A344B7975B32AB155324ADDE1707D5E79EEAF668854",
            "default_hostname": "emtrack-react-test.azurewebsites.net",
            "enabled": true,
            "https_only": false,
            "id": "/subscriptions/0f550d17-e0d0-4b07-88a5-2f831cf7151f/resourceGroups/em-track-test/providers/Microsoft.Web/sites/emtrack-react-test",
            "identity": [],
            "key_vault_reference_identity_id": "SystemAssigned",
            "kind": "app",
            "location": "eastus2",
            "logs": [],
            "name": "emtrack-react-test",
            "outbound_ip_address_list": [
              "52.184.199.10",
              "52.184.196.133",
              "52.184.195.251",
              "52.184.198.106"
            ],
            "outbound_ip_addresses": "52.184.199.10,52.184.196.133,52.184.195.251,52.184.198.106",
            "possible_outbound_ip_address_list": [
              "52.184.199.10",
              "52.184.196.133",
              "52.184.195.251",
              "52.184.198.106",
              "52.247.118.156",
              "52.247.119.203",
              "52.247.119.20",
              "52.247.52.234",
              "137.116.92.151",
              "52.184.193.103",
              "40.70.147.20"
            ],
            "possible_outbound_ip_addresses": "52.184.199.10,52.184.196.133,52.184.195.251,52.184.198.106,52.247.118.156,52.247.119.203,52.247.119.20,52.247.52.234,137.116.92.151,52.184.193.103,40.70.147.20",
            "resource_group_name": "em-track-test",
            "service_plan_id": "/subscriptions/0f550d17-e0d0-4b07-88a5-2f831cf7151f/resourceGroups/em-track-test/providers/Microsoft.Web/serverfarms/em-track-test-plan",
            "site_config": [
              {
                "always_on": false,
                "api_definition_url": "",
                "api_management_api_id": "",
                "app_command_line": "",
                "application_stack": [
                  {
                    "current_stack": "dotnet",
                    "docker_container_name": "",
                    "docker_container_registry": "",
                    "docker_container_tag": "",
                    "dotnet_version": "v4.0",
                    "java_container": "",
                    "java_container_version": "",
                    "java_version": "",
                    "node_version": "",
                    "php_version": "",
                    "python_version": ""
                  }
                ],
                "auto_heal_enabled": false,
                "auto_heal_setting": [],
                "container_registry_managed_identity_client_id": "",
                "container_registry_use_managed_identity": false,
                "cors": [],
                "default_documents": [
                  "Default.htm",
                  "Default.html",
                  "Default.asp",
                  "index.htm",
                  "index.html",
                  "iisstart.htm",
                  "default.aspx",
                  "index.php",
                  "hostingstart.html"
                ],
                "detailed_error_logging_enabled": false,
                "ftps_state": "AllAllowed",
                "health_check_eviction_time_in_min": 0,
                "health_check_path": "",
                "http2_enabled": false,
                "ip_restriction": [],
                "linux_fx_version": "",
                "load_balancing_mode": "LeastRequests",
                "local_mysql_enabled": false,
                "managed_pipeline_mode": "Integrated",
                "minimum_tls_version": "1.2",
                "remote_debugging_enabled": false,
                "remote_debugging_version": "",
                "scm_ip_restriction": [],
                "scm_minimum_tls_version": "1.0",
                "scm_type": "VSTSRM",
                "scm_use_main_ip_restriction": false,
                "use_32_bit_worker": false,
                "virtual_application": [
                  {
                    "physical_path": "site\\wwwroot",
                    "preload": false,
                    "virtual_directory": [],
                    "virtual_path": "/"
                  }
                ],
                "vnet_route_all_enabled": false,
                "websockets_enabled": true,
                "windows_fx_version": "",
                "worker_count": 1
              }
            ],
            "site_credential": [
              {
                "name": "$emtrack-react-test",
                "password": "miuC3G3h52G2yrlQmL7b4mDqbZGWpLTa9YTkoDnzWXx49JEGaSQhEWqvA23m"
              }
            ],
            "sticky_settings": [],
            "storage_account": [],
            "tags": {
              "gy_cc": "6675",
              "gy_env": "prod"
            },
            "timeouts": {
              "create": null,
              "delete": null,
              "read": null,
              "update": null
            },
            "virtual_network_subnet_id": "",
            "zip_deploy_file": ""
          },
          "sensitive_attributes": [],
          "private": "eyJlMmJmYjczMC1lY2FhLTExZTYtOGY4OC0zNDM2M2JjN2M0YzAiOnsiY3JlYXRlIjoxODAwMDAwMDAwMDAwLCJkZWxldGUiOjE4MDAwMDAwMDAwMDAsInJlYWQiOjMwMDAwMDAwMDAwMCwidXBkYXRlIjoxODAwMDAwMDAwMDAwfSwic2NoZW1hX3ZlcnNpb24iOiIwIn0="
        }
      ]
    },
    {
      "mode": "managed",
      "type": "azurerm_windows_web_app",
      "name": "res-494",
      "provider": "provider[\"registry.terraform.io/hashicorp/azurerm\"]",
      "instances": [
        {
          "schema_version": 0,
          "attributes": {
            "app_settings": {
              "MSDEPLOY_RENAME_LOCKED_FILES": "1",
              "WEBSITE_NODE_DEFAULT_VERSION": "6.9.1"
            },
            "auth_settings": [
              {
                "active_directory": [],
                "additional_login_parameters": {},
                "allowed_external_redirect_urls": [],
                "default_provider": "",
                "enabled": false,
                "facebook": [],
                "github": [],
                "google": [],
                "issuer": "",
                "microsoft": [],
                "runtime_version": "",
                "token_refresh_extension_hours": 0,
                "token_store_enabled": false,
                "twitter": [],
                "unauthenticated_client_action": ""
              }
            ],
            "backup": [],
            "client_affinity_enabled": true,
            "client_certificate_enabled": false,
            "client_certificate_mode": "Required",
            "connection_string": [],
            "custom_domain_verification_id": "3C2C8E2297B357640BF20A344B7975B32AB155324ADDE1707D5E79EEAF668854",
            "default_hostname": "emtrackotr-test.azurewebsites.net",
            "enabled": true,
            "https_only": true,
            "id": "/subscriptions/0f550d17-e0d0-4b07-88a5-2f831cf7151f/resourceGroups/em-track-test/providers/Microsoft.Web/sites/emtrackotr-test",
            "identity": [],
            "key_vault_reference_identity_id": "SystemAssigned",
            "kind": "app",
            "location": "eastus2",
            "logs": [],
            "name": "emtrackotr-test",
            "outbound_ip_address_list": [
              "52.184.199.10",
              "52.184.196.133",
              "52.184.195.251",
              "52.184.198.106"
            ],
            "outbound_ip_addresses": "52.184.199.10,52.184.196.133,52.184.195.251,52.184.198.106",
            "possible_outbound_ip_address_list": [
              "52.184.199.10",
              "52.184.196.133",
              "52.184.195.251",
              "52.184.198.106",
              "52.247.118.156",
              "52.247.119.203",
              "52.247.119.20",
              "52.247.52.234",
              "137.116.92.151",
              "52.184.193.103",
              "40.70.147.20"
            ],
            "possible_outbound_ip_addresses": "52.184.199.10,52.184.196.133,52.184.195.251,52.184.198.106,52.247.118.156,52.247.119.203,52.247.119.20,52.247.52.234,137.116.92.151,52.184.193.103,40.70.147.20",
            "resource_group_name": "em-track-test",
            "service_plan_id": "/subscriptions/0f550d17-e0d0-4b07-88a5-2f831cf7151f/resourceGroups/em-track-test/providers/Microsoft.Web/serverfarms/em-track-test-plan",
            "site_config": [
              {
                "always_on": false,
                "api_definition_url": "",
                "api_management_api_id": "",
                "app_command_line": "",
                "application_stack": [
                  {
                    "current_stack": "",
                    "docker_container_name": "",
                    "docker_container_registry": "",
                    "docker_container_tag": "",
                    "dotnet_version": "v4.0",
                    "java_container": "",
                    "java_container_version": "",
                    "java_version": "",
                    "node_version": "",
                    "php_version": "5.6",
                    "python_version": ""
                  }
                ],
                "auto_heal_enabled": false,
                "auto_heal_setting": [],
                "container_registry_managed_identity_client_id": "",
                "container_registry_use_managed_identity": false,
                "cors": [
                  {
                    "allowed_origins": [
                      "https://emtrackteststorage.blob.core.windows.net"
                    ],
                    "support_credentials": false
                  }
                ],
                "default_documents": [
                  "Default.htm",
                  "Default.html",
                  "Default.asp",
                  "index.htm",
                  "index.html",
                  "iisstart.htm",
                  "default.aspx",
                  "index.php",
                  "hostingstart.html"
                ],
                "detailed_error_logging_enabled": false,
                "ftps_state": "AllAllowed",
                "health_check_eviction_time_in_min": 0,
                "health_check_path": "",
                "http2_enabled": false,
                "ip_restriction": [],
                "linux_fx_version": "",
                "load_balancing_mode": "LeastRequests",
                "local_mysql_enabled": false,
                "managed_pipeline_mode": "Integrated",
                "minimum_tls_version": "1.2",
                "remote_debugging_enabled": false,
                "remote_debugging_version": "",
                "scm_ip_restriction": [],
                "scm_minimum_tls_version": "1.0",
                "scm_type": "VSTSRM",
                "scm_use_main_ip_restriction": false,
                "use_32_bit_worker": false,
                "virtual_application": [
                  {
                    "physical_path": "site\\wwwroot",
                    "preload": false,
                    "virtual_directory": [],
                    "virtual_path": "/"
                  }
                ],
                "vnet_route_all_enabled": false,
                "websockets_enabled": true,
                "windows_fx_version": "",
                "worker_count": 1
              }
            ],
            "site_credential": [
              {
                "name": "$emtrackotr-test",
                "password": "R9xZSSN1ypGs6FA3Mr8Jrxo2iSMlWrZdyPH0cvYpm5Pwnyekln9KuzYLTY68"
              }
            ],
            "sticky_settings": [],
            "storage_account": [],
            "tags": {
              "gy_cc": "6675",
              "gy_env": "prod",
              "hidden-related:/subscriptions/0f550d17-e0d0-4b07-88a5-2f831cf7151f/resourcegroups/em-track-test/providers/Microsoft.Web/serverfarms/em-track-test-plan": "empty"
            },
            "timeouts": {
              "create": null,
              "delete": null,
              "read": null,
              "update": null
            },
            "virtual_network_subnet_id": "",
            "zip_deploy_file": ""
          },
          "sensitive_attributes": [],
          "private": "eyJlMmJmYjczMC1lY2FhLTExZTYtOGY4OC0zNDM2M2JjN2M0YzAiOnsiY3JlYXRlIjoxODAwMDAwMDAwMDAwLCJkZWxldGUiOjE4MDAwMDAwMDAwMDAsInJlYWQiOjMwMDAwMDAwMDAwMCwidXBkYXRlIjoxODAwMDAwMDAwMDAwfSwic2NoZW1hX3ZlcnNpb24iOiIwIn0="
        }
      ]
    }
  ]
}
